Microsoft Visual Studio Solution File, Format Version 12.00
# Visual Studio Version 17
VisualStudioVersion = 17.5.2.0
MinimumVisualStudioVersion = 10.0.40219.1
Project("{FAE04EC0-301F-11D3-BF4B-00C04F79EFBC}") = "AddressApp.Api", "AddressApp.Api\AddressApp.Api.csproj", "{1D2BD911-46AC-2F57-5618-9A76B7CB8435}"
EndProject
Global
	GlobalSection(SolutionConfigurationPlatforms) = preSolution
		Debug|Any CPU = Debug|Any CPU
		Release|Any CPU = Release|Any CPU
	EndGlobalSection
	GlobalSection(ProjectConfigurationPlatforms) = postSolution
		{1D2BD911-46AC-2F57-5618-9A76B7CB8435}.Debug|Any CPU.ActiveCfg = Debug|Any CPU
		{1D2BD911-46AC-2F57-5618-9A76B7CB8435}.Debug|Any CPU.Build.0 = Debug|Any CPU
		{1D2BD911-46AC-2F57-5618-9A76B7CB8435}.Release|Any CPU.ActiveCfg = Release|Any CPU
		{1D2BD911-46AC-2F57-5618-9A76B7CB8435}.Release|Any CPU.Build.0 = Release|Any CPU
	EndGlobalSection
	GlobalSection(SolutionProperties) = preSolution
		HideSolutionNode = FALSE
	EndGlobalSection
	GlobalSection(ExtensibilityGlobals) = postSolution
		SolutionGuid = {87250F98-74DC-491C-B1C5-6C95360C66B8}
	EndGlobalSection
EndGlobal
